
Microsoft Visual Studio Solution File, Format Version 11.00
# Visual Studio 2010
Project("{FAE04EC0-301F-11D3-BF4B-00C04F79EFBC}") = "Martingale-Robot", "Martingale-Robot\Martingale-Robot.csproj", "{F375C669-2627-47CE-B5F2-1354DE67126C}"
EndProject
Global
	GlobalSection(SolutionConfigurationPlatforms) = preSolution
		Debug|Any CPU = Debug|Any CPU
		Release|Any CPU = Release|Any CPU
	EndGlobalSection
	GlobalSection(ProjectConfigurationPlatforms) = postSolution
		{F375C669-2627-47CE-B5F2-1354DE67126C}.Debug|Any CPU.ActiveCfg = Debug|Any CPU
		{F375C669-2627-47CE-B5F2-1354DE67126C}.Debug|Any CPU.Build.0 = Debug|Any CPU
		{F375C669-2627-47CE-B5F2-1354DE67126C}.Release|Any CPU.ActiveCfg = Release|Any CPU
		{F375C669-2627-47CE-B5F2-1354DE67126C}.Release|Any CPU.Build.0 = Release|Any CPU
	EndGlobalSection
	GlobalSection(SolutionProperties) = preSolution
		HideSolutionNode = FALSE
	EndGlobalSection
EndGlobal
