
Microsoft Visual Studio Solution File, Format Version 11.00
# Visual Studio 2010
Project("{FAE04EC0-301F-11D3-BF4B-00C04F79EFBC}") = "Robot_Forex (1)", "Robot_Forex (1)\Robot_Forex (1).csproj", "{BC1C9202-38A7-4BA4-8065-3E54E3D48122}"
EndProject
Global
	GlobalSection(SolutionConfigurationPlatforms) = preSolution
		Debug|Any CPU = Debug|Any CPU
		Release|Any CPU = Release|Any CPU
	EndGlobalSection
	GlobalSection(ProjectConfigurationPlatforms) = postSolution
		{BC1C9202-38A7-4BA4-8065-3E54E3D48122}.Debug|Any CPU.ActiveCfg = Debug|Any CPU
		{BC1C9202-38A7-4BA4-8065-3E54E3D48122}.Debug|Any CPU.Build.0 = Debug|Any CPU
		{BC1C9202-38A7-4BA4-8065-3E54E3D48122}.Release|Any CPU.ActiveCfg = Release|Any CPU
		{BC1C9202-38A7-4BA4-8065-3E54E3D48122}.Release|Any CPU.Build.0 = Release|Any CPU
	EndGlobalSection
	GlobalSection(SolutionProperties) = preSolution
		HideSolutionNode = FALSE
	EndGlobalSection
EndGlobal
