
Microsoft Visual Studio Solution File, Format Version 11.00
# Visual Studio 2010
Project("{FAE04EC0-301F-11D3-BF4B-00C04F79EFBC}") = ".collectiveOsciolators", ".collectiveOsciolators\.collectiveOsciolators.csproj", "{C10C7C29-400E-4F78-97D9-C49ECC1B764C}"
EndProject
Global
	GlobalSection(SolutionConfigurationPlatforms) = preSolution
		Debug|Any CPU = Debug|Any CPU
		Release|Any CPU = Release|Any CPU
	EndGlobalSection
	GlobalSection(ProjectConfigurationPlatforms) = postSolution
		{C10C7C29-400E-4F78-97D9-C49ECC1B764C}.Debug|Any CPU.ActiveCfg = Debug|Any CPU
		{C10C7C29-400E-4F78-97D9-C49ECC1B764C}.Debug|Any CPU.Build.0 = Debug|Any CPU
		{C10C7C29-400E-4F78-97D9-C49ECC1B764C}.Release|Any CPU.ActiveCfg = Release|Any CPU
		{C10C7C29-400E-4F78-97D9-C49ECC1B764C}.Release|Any CPU.Build.0 = Release|Any CPU
	EndGlobalSection
	GlobalSection(SolutionProperties) = preSolution
		HideSolutionNode = FALSE
	EndGlobalSection
EndGlobal
